{
  "name": "photographers-panel",
  "version": "1.0.0",
  "lockfileVersion": 1,
  "requires": true,
  "dependencies": {
    "util": {
      "version": "file:../../utils",
      "requires": {
        "typescript": "3.6.3"
      },
      "dependencies": {
        "typescript": {
          "version": "3.6.3",
          "bundled": true
        }
      }
    }
  }
}
